{
  "name": "@solidchange/e2e-dev",
  "version": "0.1.0",
  "lockfileVersion": 3,
  "requires": true,
  "packages": {
    "": {
      "name": "@solidchange/e2e-dev",
      "version": "0.1.0",
      "dependencies": {
        "@solidchange/customer-api": "file:../customer-api"
      },
      "engines": {
        "node": ">=24 <25"
      }
    },
    "../customer-api": {
      "name": "@solidchange/customer-api",
      "version": "0.1.0",
      "devDependencies": {
        "@types/node": "24.3.0",
        "typescript": "5.9.2"
      },
      "engines": {
        "node": ">=22.18 <25"
      }
    },
    "node_modules/@solidchange/customer-api": {
      "resolved": "../customer-api",
      "link": true
    }
  }
}
